
Microsoft Visual Studio Solution File, Format Version 12.00
# Visual Studio 2012
Project("{FAE04EC0-301F-11D3-BF4B-00C04F79EFBC}") = "WindowsFormsApplication1", "WindowsFormsApplication1\WindowsFormsApplication1.csproj", "{A950B252-4F8A-45B0-969B-9AD756BA3EAD}"
EndProject
Global
	GlobalSection(SolutionConfigurationPlatforms) = preSolution
		Debug|Any CPU = Debug|Any CPU
		Release|Any CPU = Release|Any CPU
	EndGlobalSection
	GlobalSection(ProjectConfigurationPlatforms) = postSolution
		{A950B252-4F8A-45B0-969B-9AD756BA3EAD}.Debug|Any CPU.ActiveCfg = Debug|Any CPU
		{A950B252-4F8A-45B0-969B-9AD756BA3EAD}.Debug|Any CPU.Build.0 = Debug|Any CPU
		{A950B252-4F8A-45B0-969B-9AD756BA3EAD}.Release|Any CPU.ActiveCfg = Release|Any CPU
		{A950B252-4F8A-45B0-969B-9AD756BA3EAD}.Release|Any CPU.Build.0 = Release|Any CPU
	EndGlobalSection
	GlobalSection(SolutionProperties) = preSolution
		HideSolutionNode = FALSE
	EndGlobalSection
EndGlobal
